
Microsoft Visual Studio Solution File, Format Version 12.00
# Visual Studio Version 17
VisualStudioVersion = 17.5.002.0
MinimumVisualStudioVersion = 10.0.40219.1
Project("{9A19103F-16F7-4668-BE54-9A1E7A4F7556}") = "TodoApi", "TodoApi.csproj", "{ABCDEC73-BD78-4113-8F7A-840256B19268}"
EndProject
Global
	GlobalSection(SolutionConfigurationPlatforms) = preSolution
		Debug|Any CPU = Debug|Any CPU
		Release|Any CPU = Release|Any CPU
	EndGlobalSection
	GlobalSection(ProjectConfigurationPlatforms) = postSolution
		{ABCDEC73-BD78-4113-8F7A-840256B19268}.Debug|Any CPU.ActiveCfg = Debug|Any CPU
		{ABCDEC73-BD78-4113-8F7A-840256B19268}.Debug|Any CPU.Build.0 = Debug|Any CPU
		{ABCDEC73-BD78-4113-8F7A-840256B19268}.Release|Any CPU.ActiveCfg = Release|Any CPU
		{ABCDEC73-BD78-4113-8F7A-840256B19268}.Release|Any CPU.Build.0 = Release|Any CPU
	EndGlobalSection
	GlobalSection(SolutionProperties) = preSolution
		HideSolutionNode = FALSE
	EndGlobalSection
	GlobalSection(ExtensibilityGlobals) = postSolution
		SolutionGuid = {CFA2441F-DDAF-4668-8183-DA0A73A65DB0}
	EndGlobalSection
EndGlobal
